
Microsoft Visual Studio Solution File, Format Version 12.00
Project("{FAE04EC0-301F-11D3-BF4B-00C04F79EFBC}") = "moresocialbackend", "moresocialbackend\moresocialbackend.csproj", "{0683414D-13E3-465C-876F-3FBB3E6FB1AA}"
EndProject
Global
	GlobalSection(SolutionConfigurationPlatforms) = preSolution
		Debug|Any CPU = Debug|Any CPU
		Release|Any CPU = Release|Any CPU
	EndGlobalSection
	GlobalSection(ProjectConfigurationPlatforms) = postSolution
		{0683414D-13E3-465C-876F-3FBB3E6FB1AA}.Debug|Any CPU.ActiveCfg = Debug|Any CPU
		{0683414D-13E3-465C-876F-3FBB3E6FB1AA}.Debug|Any CPU.Build.0 = Debug|Any CPU
		{0683414D-13E3-465C-876F-3FBB3E6FB1AA}.Release|Any CPU.ActiveCfg = Release|Any CPU
		{0683414D-13E3-465C-876F-3FBB3E6FB1AA}.Release|Any CPU.Build.0 = Release|Any CPU
	EndGlobalSection
EndGlobal
